
Microsoft Visual Studio Solution File, Format Version 12.00
# Visual Studio Version 17
VisualStudioVersion = 17.14.36401.2
MinimumVisualStudioVersion = 10.0.40219.1
Project("{FAE04EC0-301F-11D3-BF4B-00C04F79EFBC}") = "HotelBooker.API", "HotelBooker\HotelBooker.API.csproj", "{4E91D327-D364-47ED-A993-85196D0A7BBD}"
EndProject
Project("{FAE04EC0-301F-11D3-BF4B-00C04F79EFBC}") = "HotelBooker.Data", "HotelBooker.Data\HotelBooker.Data.csproj", "{7DAAFE9C-2366-407B-AC12-2B73F8065081}"
EndProject
Project("{FAE04EC0-301F-11D3-BF4B-00C04F79EFBC}") = "HotelBooker.Services", "HotelBooker.Services\HotelBooker.Services.csproj", "{63B09121-E020-4098-A430-07C7719AB141}"
EndProject
Global
	GlobalSection(SolutionConfigurationPlatforms) = preSolution
		Debug|Any CPU = Debug|Any CPU
		Release|Any CPU = Release|Any CPU
	EndGlobalSection
	GlobalSection(ProjectConfigurationPlatforms) = postSolution
		{4E91D327-D364-47ED-A993-85196D0A7BBD}.Debug|Any CPU.ActiveCfg = Debug|Any CPU
		{4E91D327-D364-47ED-A993-85196D0A7BBD}.Debug|Any CPU.Build.0 = Debug|Any CPU
		{4E91D327-D364-47ED-A993-85196D0A7BBD}.Release|Any CPU.ActiveCfg = Release|Any CPU
		{4E91D327-D364-47ED-A993-85196D0A7BBD}.Release|Any CPU.Build.0 = Release|Any CPU
		{7DAAFE9C-2366-407B-AC12-2B73F8065081}.Debug|Any CPU.ActiveCfg = Debug|Any CPU
		{7DAAFE9C-2366-407B-AC12-2B73F8065081}.Debug|Any CPU.Build.0 = Debug|Any CPU
		{7DAAFE9C-2366-407B-AC12-2B73F8065081}.Release|Any CPU.ActiveCfg = Release|Any CPU
		{7DAAFE9C-2366-407B-AC12-2B73F8065081}.Release|Any CPU.Build.0 = Release|Any CPU
		{63B09121-E020-4098-A430-07C7719AB141}.Debug|Any CPU.ActiveCfg = Debug|Any CPU
		{63B09121-E020-4098-A430-07C7719AB141}.Debug|Any CPU.Build.0 = Debug|Any CPU
		{63B09121-E020-4098-A430-07C7719AB141}.Release|Any CPU.ActiveCfg = Release|Any CPU
		{63B09121-E020-4098-A430-07C7719AB141}.Release|Any CPU.Build.0 = Release|Any CPU
	EndGlobalSection
	GlobalSection(SolutionProperties) = preSolution
		HideSolutionNode = FALSE
	EndGlobalSection
	GlobalSection(ExtensibilityGlobals) = postSolution
		SolutionGuid = {A6A11B5D-F421-40DB-B286-63D80F5DCCC3}
	EndGlobalSection
EndGlobal
